{
  "name": "neboerbot",
  "version": "1.0.0",
  "lockfileVersion": 1,
  "requires": true,
  "dependencies": {
    "aes-js": {
      "version": "3.1.2",
      "resolved": "https://registry.npm.taobao.org/aes-js/download/aes-js-3.1.2.tgz",
      "integrity": "sha1-25qr3oXVyqu/wNTypERpYPYnFGo="
    },
    "ajv": {
      "version": "6.12.6",
      "resolved": "https://registry.npm.taobao.org/ajv/download/ajv-6.12.6.tgz?cache=0&other_urls=https%3A%2F%2Fregistry.npm.taobao.org%2Fajv%2Fdownload%2Fajv-6.12.6.tgz",
      "integrity": "sha1-uvWmLoArB9l3A0WG+MO69a3ybfQ=",
      "requires": {
        "fast-deep-equal": "^3.1.1",
        "fast-json-stable-stringify": "^2.0.0",
        "json-schema-traverse": "^0.4.1",
        "uri-js": "^4.2.2"
      }
    },
    "asap": {
      "version": "1.0.0",
      "resolved": "https://registry.npm.taobao.org/asap/download/asap-1.0.0.tgz",
      "integrity": "sha1-sqRdpf36ILBJb8N2jMJ8EvqRan0="
    },
    "asn1": {
      "version": "0.2.3",
      "resolved": "https://registry.npm.taobao.org/asn1/download/asn1-0.2.3.tgz",
      "integrity": "sha1-2sh4dxPJlmhJ/IGAd36+nB3fO4Y="
    },
    "buffer-equal": {
      "version": "1.0.0",
      "resolved": "https://registry.npm.taobao.org/buffer-equal/download/buffer-equal-1.0.0.tgz",
      "integrity": "sha1-WWFrSYME1Var1GaWayLu2j7KX74="
    },
    "centra": {
      "version": "2.4.2",
      "resolved": "https://registry.npm.taobao.org/centra/download/centra-2.4.2.tgz",
      "integrity": "sha1-O61R28oiUNvsrYRZjccYSXP0xKk="
    },
    "commander": {
      "version": "2.20.3",
      "resolved": "https://registry.npm.taobao.org/commander/download/commander-2.20.3.tgz?cache=0&sync_timestamp=1598576136669&other_urls=https%3A%2F%2Fregistry.npm.taobao.org%2Fcommander%2Fdownload%2Fcommander-2.20.3.tgz",
      "integrity": "sha1-/UhehMA+tIgcIHIrpIA16FMa6zM="
    },
    "debug": {
      "version": "4.2.0",
      "resolved": "https://registry.npm.taobao.org/debug/download/debug-4.2.0.tgz?cache=0&sync_timestamp=1600502871403&other_urls=https%3A%2F%2Fregistry.npm.taobao.org%2Fdebug%2Fdownload%2Fdebug-4.2.0.tgz",
      "integrity": "sha1-fxUPk5IOlMWPVXTC/QGjEQ7/5/E=",
      "requires": {
        "ms": "2.1.2"
      }
    },
    "discontinuous-range": {
      "version": "1.0.0",
      "resolved": "https://registry.npm.taobao.org/discontinuous-range/download/discontinuous-range-1.0.0.tgz",
      "integrity": "sha1-44Mx8IRLukm5qctxx3FYWqsbxlo="
    },
    "endian-toggle": {
      "version": "0.0.0",
      "resolved": "https://registry.npm.taobao.org/endian-toggle/download/endian-toggle-0.0.0.tgz",
      "integrity": "sha1-5cx1eLEDLW7gHq/Nc3ZdsNtNwKY="
    },
    "event-promise": {
      "version": "0.0.1",
      "resolved": "https://registry.npm.taobao.org/event-promise/download/event-promise-0.0.1.tgz",
      "integrity": "sha1-7lmd9hNyaxLPhXTncU20gjx9uHc=",
      "requires": {
        "promise": "^5.0.0"
      }
    },
    "fast-deep-equal": {
      "version": "3.1.3",
      "resolved": "https://registry.npm.taobao.org/fast-deep-equal/download/fast-deep-equal-3.1.3.tgz?cache=0&sync_timestamp=1591599675178&other_urls=https%3A%2F%2Fregistry.npm.taobao.org%2Ffast-deep-equal%2Fdownload%2Ffast-deep-equal-3.1.3.tgz",
      "integrity": "sha1-On1WtVnWy8PrUSMlJE5hmmXGxSU="
    },
    "fast-json-stable-stringify": {
      "version": "2.1.0",
      "resolved": "https://registry.npm.taobao.org/fast-json-stable-stringify/download/fast-json-stable-stringify-2.1.0.tgz",
      "integrity": "sha1-h0v2nG9ATCtdmcSBNBOZ/VWJJjM="
    },
    "inherits": {
      "version": "2.0.4",
      "resolved": "https://registry.npm.taobao.org/inherits/download/inherits-2.0.4.tgz",
      "integrity": "sha1-D6LGT5MpF8NDOg3tVTY6rjdBa3w="
    },
    "json-schema-traverse": {
      "version": "0.4.1",
      "resolved": "https://registry.npm.taobao.org/json-schema-traverse/download/json-schema-traverse-0.4.1.tgz",
      "integrity": "sha1-afaofZUTq4u4/mO9sJecRI5oRmA="
    },
    "lodash.get": {
      "version": "4.4.2",
      "resolved": "https://registry.npm.taobao.org/lodash.get/download/lodash.get-4.4.2.tgz",
      "integrity": "sha1-LRd/ZS+jHpObRDjVNBSZ36OCXpk="
    },
    "lodash.merge": {
      "version": "4.6.2",
      "resolved": "https://registry.npm.taobao.org/lodash.merge/download/lodash.merge-4.6.2.tgz",
      "integrity": "sha1-VYqlO0O2YeGSWgr9+japoQhf5Xo="
    },
    "lodash.reduce": {
      "version": "4.6.0",
      "resolved": "https://registry.npm.taobao.org/lodash.reduce/download/lodash.reduce-4.6.0.tgz",
      "integrity": "sha1-8atrg5KZrUj3hKu/R2WW8DuRTTs="
    },
    "macaddress": {
      "version": "0.5.1",
      "resolved": "https://registry.npm.taobao.org/macaddress/download/macaddress-0.5.1.tgz",
      "integrity": "sha1-XXF61QM3+WCFZV1dsG68YN8R/Fk="
    },
    "minecraft-data": {
      "version": "2.69.1",
      "resolved": "https://registry.npm.taobao.org/minecraft-data/download/minecraft-data-2.69.1.tgz",
      "integrity": "sha1-ZEXIlroHrm0Ft2WUJjGhN3+Ys6w="
    },
    "minecraft-protocol": {
      "version": "1.17.0",
      "resolved": "https://registry.npm.taobao.org/minecraft-protocol/download/minecraft-protocol-1.17.0.tgz",
      "integrity": "sha1-DpWiIzthTdeRzA7Ace1jgNTjvog=",
      "requires": {
        "aes-js": "^3.1.2",
        "buffer-equal": "^1.0.0",
        "debug": "^4.1.0",
        "endian-toggle": "^0.0.0",
        "lodash.get": "^4.1.2",
        "lodash.merge": "^4.3.0",
        "minecraft-data": "^2.69.0",
        "node-rsa": "^0.4.2",
        "prismarine-nbt": "^1.3.0",
        "protodef": "^1.8.0",
        "readable-stream": "^3.0.6",
        "uuid-1345": "^1.0.1",
        "yggdrasil": "^1.3.0"
      }
    },
    "mineflayer": {
      "version": "2.31.0",
      "resolved": "https://registry.npm.taobao.org/mineflayer/download/mineflayer-2.31.0.tgz",
      "integrity": "sha1-mlPQBAQCx4A9sTXlGDqCuTpbfq0=",
      "requires": {
        "minecraft-data": "^2.62.1",
        "minecraft-protocol": "^1.13.0",
        "prismarine-biome": "^1.1.0",
        "prismarine-block": "^1.6.0",
        "prismarine-chat": "^1.0.0",
        "prismarine-chunk": "^1.20.1",
        "prismarine-entity": "^1.0.0",
        "prismarine-item": "^1.5.0",
        "prismarine-physics": "^1.0.4",
        "prismarine-recipe": "^1.1.0",
        "prismarine-windows": "^1.5.0",
        "prismarine-world": "^3.1.0",
        "protodef": "^1.8.0",
        "typed-emitter": "^1.2.0",
        "vec3": "^0.1.6"
      }
    },
    "mojangson": {
      "version": "1.1.1",
      "resolved": "https://registry.npm.taobao.org/mojangson/download/mojangson-1.1.1.tgz",
      "integrity": "sha1-HnhytVn8v+VbA7xgnCzMqUJ9Jh4=",
      "requires": {
        "nearley": "^2.19.5"
      }
    },
    "moo": {
      "version": "0.5.1",
      "resolved": "https://registry.npm.taobao.org/moo/download/moo-0.5.1.tgz",
      "integrity": "sha1-eq5/OEubCfYgtqv29067zRtl28Q="
    },
    "ms": {
      "version": "2.1.2",
      "resolved": "https://registry.npm.taobao.org/ms/download/ms-2.1.2.tgz?cache=0&sync_timestamp=1588851173181&other_urls=https%3A%2F%2Fregistry.npm.taobao.org%2Fms%2Fdownload%2Fms-2.1.2.tgz",
      "integrity": "sha1-0J0fNXtEP0kzgqjrPM0YOHKuYAk="
    },
    "nearley": {
      "version": "2.19.7",
      "resolved": "https://registry.npm.taobao.org/nearley/download/nearley-2.19.7.tgz",
      "integrity": "sha1-6vvj4tjM/nCtqlwCarH5cJwRYhg=",
      "requires": {
        "commander": "^2.19.0",
        "moo": "^0.5.0",
        "railroad-diagrams": "^1.0.0",
        "randexp": "0.4.6",
        "semver": "^5.4.1"
      }
    },
    "node-rsa": {
      "version": "0.4.2",
      "resolved": "https://registry.npm.taobao.org/node-rsa/download/node-rsa-0.4.2.tgz",
      "integrity": "sha1-1jkXKewWqDDtWjgEKzFX0tXXJTA=",
      "requires": {
        "asn1": "0.2.3"
      }
    },
    "phin": {
      "version": "3.5.0",
      "resolved": "https://registry.npm.taobao.org/phin/download/phin-3.5.0.tgz",
      "integrity": "sha1-8iOqJrIrtoKz6vFQzLZsBpmAN7A=",
      "requires": {
        "centra": "^2.4.2"
      }
    },
    "prismarine-biome": {
      "version": "1.1.1",
      "resolved": "https://registry.npm.taobao.org/prismarine-biome/download/prismarine-biome-1.1.1.tgz",
      "integrity": "sha1-hl+A+5QpPm5b5myfX4JjI1ZK0uA="
    },
    "prismarine-block": {
      "version": "1.7.1",
      "resolved": "https://registry.npm.taobao.org/prismarine-block/download/prismarine-block-1.7.1.tgz",
      "integrity": "sha1-td1bpxyOfPe1IOTXsHFz6TVRDB0=",
      "requires": {
        "prismarine-biome": "^1.1.0"
      }
    },
    "prismarine-chat": {
      "version": "1.0.2",
      "resolved": "https://registry.npm.taobao.org/prismarine-chat/download/prismarine-chat-1.0.2.tgz",
      "integrity": "sha1-hNdVcHM7LJ3MOkpeQLzbFMIc+vc=",
      "requires": {
        "minecraft-data": "^2.62.1",
        "mojangson": "^1.0.0",
        "sprintf-js": "^1.1.2"
      }
    },
    "prismarine-chunk": {
      "version": "1.20.3",
      "resolved": "https://registry.npm.taobao.org/prismarine-chunk/download/prismarine-chunk-1.20.3.tgz",
      "integrity": "sha1-L02taNOXwWomkuNXkpdNHg4uPK4=",
      "requires": {
        "minecraft-data": "^2.61.0",
        "prismarine-block": "^1.2.0",
        "smart-buffer": "^4.1.0",
        "uint4": "^0.1.2",
        "vec3": "^0.1.3"
      }
    },
    "prismarine-entity": {
      "version": "1.1.0",
      "resolved": "https://registry.npm.taobao.org/prismarine-entity/download/prismarine-entity-1.1.0.tgz",
      "integrity": "sha1-xW62FvkUqwisIB3lV3eE5CYWues=",
      "requires": {
        "vec3": "^0.1.4"
      }
    },
    "prismarine-item": {
      "version": "1.5.0",
      "resolved": "https://registry.npm.taobao.org/prismarine-item/download/prismarine-item-1.5.0.tgz",
      "integrity": "sha1-LljaQBRAK7S6heDRQ2DFpG0vfFY="
    },
    "prismarine-nbt": {
      "version": "1.3.0",
      "resolved": "https://registry.npm.taobao.org/prismarine-nbt/download/prismarine-nbt-1.3.0.tgz",
      "integrity": "sha1-aeiX9KvEzemBucU7OH0W2y6VPhQ=",
      "requires": {
        "protodef": "^1.7.0"
      }
    },
    "prismarine-physics": {
      "version": "1.0.8",
      "resolved": "https://registry.npm.taobao.org/prismarine-physics/download/prismarine-physics-1.0.8.tgz",
      "integrity": "sha1-Ps0HILvHQDThqfiU381prsDYczU=",
      "requires": {
        "prismarine-nbt": "^1.3.0",
        "vec3": "^0.1.6"
      }
    },
    "prismarine-recipe": {
      "version": "1.1.0",
      "resolved": "https://registry.npm.taobao.org/prismarine-recipe/download/prismarine-recipe-1.1.0.tgz",
      "integrity": "sha1-uoP+oNb1rTvoM5iiD4X36ABmVzI="
    },
    "prismarine-windows": {
      "version": "1.6.0",
      "resolved": "https://registry.npm.taobao.org/prismarine-windows/download/prismarine-windows-1.6.0.tgz",
      "integrity": "sha1-fhl1nTQ7tIRHJEfpDY9oilI6Rqs=",
      "requires": {
        "prismarine-item": "^1.4.0"
      }
    },
    "prismarine-world": {
      "version": "3.1.0",
      "resolved": "https://registry.npm.taobao.org/prismarine-world/download/prismarine-world-3.1.0.tgz",
      "integrity": "sha1-koDfpIECHM5XlvaPBGesG9zFpZs=",
      "requires": {
        "event-promise": "0.0.1",
        "vec3": "~0.1.3"
      }
    },
    "promise": {
      "version": "5.0.0",
      "resolved": "https://registry.npm.taobao.org/promise/download/promise-5.0.0.tgz",
      "integrity": "sha1-rEC3hmvteq95arW3m4AyXgR+wO8=",
      "requires": {
        "asap": "~1.0.0"
      }
    },
    "protodef": {
      "version": "1.8.2",
      "resolved": "https://registry.npm.taobao.org/protodef/download/protodef-1.8.2.tgz",
      "integrity": "sha1-VPpVjhjc6qpDvJHM1OVuamIgtYE=",
      "requires": {
        "lodash.get": "^4.4.2",
        "lodash.reduce": "^4.6.0",
        "protodef-validator": "^1.2.2",
        "readable-stream": "^3.0.3"
      }
    },
    "protodef-validator": {
      "version": "1.2.3",
      "resolved": "https://registry.npm.taobao.org/protodef-validator/download/protodef-validator-1.2.3.tgz",
      "integrity": "sha1-EBpCJpuZnRFbn9YSqU3Rhx+hJU8=",
      "requires": {
        "ajv": "^6.5.4"
      }
    },
    "punycode": {
      "version": "2.1.1",
      "resolved": "https://registry.npm.taobao.org/punycode/download/punycode-2.1.1.tgz",
      "integrity": "sha1-tYsBCsQMIsVldhbI0sLALHv0eew="
    },
    "railroad-diagrams": {
      "version": "1.0.0",
      "resolved": "https://registry.npm.taobao.org/railroad-diagrams/download/railroad-diagrams-1.0.0.tgz",
      "integrity": "sha1-635iZ1SN3t+4mcG5Dlc3RVnN234="
    },
    "randexp": {
      "version": "0.4.6",
      "resolved": "https://registry.npm.taobao.org/randexp/download/randexp-0.4.6.tgz",
      "integrity": "sha1-6YatXl4x2uE93W97MBmqfIf2DKM=",
      "requires": {
        "discontinuous-range": "1.0.0",
        "ret": "~0.1.10"
      }
    },
    "readable-stream": {
      "version": "3.6.0",
      "resolved": "https://registry.npm.taobao.org/readable-stream/download/readable-stream-3.6.0.tgz",
      "integrity": "sha1-M3u9o63AcGvT4CRCaihtS0sskZg=",
      "requires": {
        "inherits": "^2.0.3",
        "string_decoder": "^1.1.1",
        "util-deprecate": "^1.0.1"
      }
    },
    "ret": {
      "version": "0.1.15",
      "resolved": "https://registry.npm.taobao.org/ret/download/ret-0.1.15.tgz",
      "integrity": "sha1-uKSCXVvbH8P29Twrwz+BOIaBx7w="
    },
    "safe-buffer": {
      "version": "5.2.1",
      "resolved": "https://registry.npm.taobao.org/safe-buffer/download/safe-buffer-5.2.1.tgz?cache=0&sync_timestamp=1589129010497&other_urls=https%3A%2F%2Fregistry.npm.taobao.org%2Fsafe-buffer%2Fdownload%2Fsafe-buffer-5.2.1.tgz",
      "integrity": "sha1-Hq+fqb2x/dTsdfWPnNtOa3gn7sY="
    },
    "semver": {
      "version": "5.7.1",
      "resolved": "https://registry.npm.taobao.org/semver/download/semver-5.7.1.tgz?cache=0&sync_timestamp=1586886301819&other_urls=https%3A%2F%2Fregistry.npm.taobao.org%2Fsemver%2Fdownload%2Fsemver-5.7.1.tgz",
      "integrity": "sha1-qVT5Ma66UI0we78Gnv8MAclhFvc="
    },
    "smart-buffer": {
      "version": "4.1.0",
      "resolved": "https://registry.npm.taobao.org/smart-buffer/download/smart-buffer-4.1.0.tgz",
      "integrity": "sha1-kWBcJdkWUvRmHqacz0XxszHKIbo="
    },
    "sprintf-js": {
      "version": "1.1.2",
      "resolved": "https://registry.npm.taobao.org/sprintf-js/download/sprintf-js-1.1.2.tgz",
      "integrity": "sha1-2hdlJiv4wPVxdJ8q1sJjACB65nM="
    },
    "string_decoder": {
      "version": "1.3.0",
      "resolved": "https://registry.npm.taobao.org/string_decoder/download/string_decoder-1.3.0.tgz",
      "integrity": "sha1-QvEUWUpGzxqOMLCoT1bHjD7awh4=",
      "requires": {
        "safe-buffer": "~5.2.0"
      }
    },
    "typed-emitter": {
      "version": "1.3.1",
      "resolved": "https://registry.npm.taobao.org/typed-emitter/download/typed-emitter-1.3.1.tgz",
      "integrity": "sha1-yY1xVRqZ1fCLqQhe5EuPybI1dQI="
    },
    "uint4": {
      "version": "0.1.2",
      "resolved": "https://registry.npm.taobao.org/uint4/download/uint4-0.1.2.tgz",
      "integrity": "sha1-UMWuBLhdKBKPLfPMDsxNQavC9oE="
    },
    "uri-js": {
      "version": "4.4.0",
      "resolved": "https://registry.npm.taobao.org/uri-js/download/uri-js-4.4.0.tgz?cache=0&sync_timestamp=1598814527552&other_urls=https%3A%2F%2Fregistry.npm.taobao.org%2Furi-js%2Fdownload%2Furi-js-4.4.0.tgz",
      "integrity": "sha1-qnFCYd55PoqCNHp7zJznTobyhgI=",
      "requires": {
        "punycode": "^2.1.0"
      }
    },
    "util-deprecate": {
      "version": "1.0.2",
      "resolved": "https://registry.npm.taobao.org/util-deprecate/download/util-deprecate-1.0.2.tgz",
      "integrity": "sha1-RQ1Nyfpw3nMnYvvS1KKJgUGaDM8="
    },
    "uuid": {
      "version": "3.4.0",
      "resolved": "https://registry.npm.taobao.org/uuid/download/uuid-3.4.0.tgz?cache=0&sync_timestamp=1601826530476&other_urls=https%3A%2F%2Fregistry.npm.taobao.org%2Fuuid%2Fdownload%2Fuuid-3.4.0.tgz",
      "integrity": "sha1-sj5DWK+oogL+ehAK8fX4g/AgB+4="
    },
    "uuid-1345": {
      "version": "1.0.2",
      "resolved": "https://registry.npm.taobao.org/uuid-1345/download/uuid-1345-1.0.2.tgz",
      "integrity": "sha1-HEPQdFB8QElCeNUjYZm/+sgeGbg=",
      "requires": {
        "macaddress": "^0.5.1"
      }
    },
    "vec3": {
      "version": "0.1.7",
      "resolved": "https://registry.npm.taobao.org/vec3/download/vec3-0.1.7.tgz",
      "integrity": "sha1-4gOnvMLQdMMochQhvu1IswyB5Bs="
    },
    "yggdrasil": {
      "version": "1.3.0",
      "resolved": "https://registry.npm.taobao.org/yggdrasil/download/yggdrasil-1.3.0.tgz",
      "integrity": "sha1-yDfNa0adtX+SBCoHwM6pCOxNwpk=",
      "requires": {
        "phin": "^3.4.1",
        "uuid": "^3.4.0"
      }
    }
  }
}
